
Microsoft Visual Studio Solution File, Format Version 12.00
# Visual Studio 15
VisualStudioVersion = 15.0.28307.1705
MinimumVisualStudioVersion = 10.0.40219.1
Project("{888888A0-9F3D-457C-B088-3A5042F75D52}") = "EEG_2", "EEG_2\EEG_2.pyproj", "{8A5287EB-37A1-4343-AAC3-9E99F0FFE7B1}"
EndProject
Global
	GlobalSection(SolutionConfigurationPlatforms) = preSolution
		Debug|Any CPU = Debug|Any CPU
		Release|Any CPU = Release|Any CPU
	EndGlobalSection
	GlobalSection(ProjectConfigurationPlatforms) = postSolution
		{8A5287EB-37A1-4343-AAC3-9E99F0FFE7B1}.Debug|Any CPU.ActiveCfg = Debug|Any CPU
		{8A5287EB-37A1-4343-AAC3-9E99F0FFE7B1}.Release|Any CPU.ActiveCfg = Release|Any CPU
	EndGlobalSection
	GlobalSection(SolutionProperties) = preSolution
		HideSolutionNode = FALSE
	EndGlobalSection
	GlobalSection(ExtensibilityGlobals) = postSolution
		SolutionGuid = {F85A43CD-EF4C-424F-A6D1-9295A7EF13CA}
	EndGlobalSection
EndGlobal
